
Microsoft Visual Studio Solution File, Format Version 12.00
# Visual Studio Version 16
VisualStudioVersion = 16.0.31911.196
MinimumVisualStudioVersion = 10.0.40219.1
Project("{FAE04EC0-301F-11D3-BF4B-00C04F79EFBC}") = "XamarinB2C.Android", "XamarinB2C\XamarinB2C.Android\XamarinB2C.Android.csproj", "{A1F18CC0-E1E2-459B-9822-1473B5DFDE42}"
EndProject
Project("{FAE04EC0-301F-11D3-BF4B-00C04F79EFBC}") = "XamarinB2C.iOS", "XamarinB2C\XamarinB2C.iOS\XamarinB2C.iOS.csproj", "{E065A8DC-71FA-4384-92EB-35653D72A7F3}"
EndProject
Project("{FAE04EC0-301F-11D3-BF4B-00C04F79EFBC}") = "XamarinB2C", "XamarinB2C\XamarinB2C\XamarinB2C.csproj", "{2CD0D7C6-1B19-4B14-9F27-4179E447085C}"
EndProject
Global
	GlobalSection(SolutionConfigurationPlatforms) = preSolution
		Debug|Any CPU = Debug|Any CPU
		Debug|iPhone = Debug|iPhone
		Debug|iPhoneSimulator = Debug|iPhoneSimulator
		Release|Any CPU = Release|Any CPU
		Release|iPhone = Release|iPhone
		Release|iPhoneSimulator = Release|iPhoneSimulator
	EndGlobalSection
	GlobalSection(ProjectConfigurationPlatforms) = postSolution
		{A1F18CC0-E1E2-459B-9822-1473B5DFDE42}.Debug|Any CPU.ActiveCfg = Debug|Any CPU
		{A1F18CC0-E1E2-459B-9822-1473B5DFDE42}.Debug|Any CPU.Build.0 = Debug|Any CPU
		{A1F18CC0-E1E2-459B-9822-1473B5DFDE42}.Debug|Any CPU.Deploy.0 = Debug|Any CPU
		{A1F18CC0-E1E2-459B-9822-1473B5DFDE42}.Debug|iPhone.ActiveCfg = Debug|Any CPU
		{A1F18CC0-E1E2-459B-9822-1473B5DFDE42}.Debug|iPhone.Build.0 = Debug|Any CPU
		{A1F18CC0-E1E2-459B-9822-1473B5DFDE42}.Debug|iPhone.Deploy.0 = Debug|Any CPU
		{A1F18CC0-E1E2-459B-9822-1473B5DFDE42}.Debug|iPhoneSimulator.ActiveCfg = Debug|Any CPU
		{A1F18CC0-E1E2-459B-9822-1473B5DFDE42}.Debug|iPhoneSimulator.Build.0 = Debug|Any CPU
		{A1F18CC0-E1E2-459B-9822-1473B5DFDE42}.Debug|iPhoneSimulator.Deploy.0 = Debug|Any CPU
		{A1F18CC0-E1E2-459B-9822-1473B5DFDE42}.Release|Any CPU.ActiveCfg = Release|Any CPU
		{A1F18CC0-E1E2-459B-9822-1473B5DFDE42}.Release|Any CPU.Build.0 = Release|Any CPU
		{A1F18CC0-E1E2-459B-9822-1473B5DFDE42}.Release|Any CPU.Deploy.0 = Release|Any CPU
		{A1F18CC0-E1E2-459B-9822-1473B5DFDE42}.Release|iPhone.ActiveCfg = Release|Any CPU
		{A1F18CC0-E1E2-459B-9822-1473B5DFDE42}.Release|iPhone.Build.0 = Release|Any CPU
		{A1F18CC0-E1E2-459B-9822-1473B5DFDE42}.Release|iPhone.Deploy.0 = Release|Any CPU
		{A1F18CC0-E1E2-459B-9822-1473B5DFDE42}.Release|iPhoneSimulator.ActiveCfg = Release|Any CPU
		{A1F18CC0-E1E2-459B-9822-1473B5DFDE42}.Release|iPhoneSimulator.Build.0 = Release|Any CPU
		{A1F18CC0-E1E2-459B-9822-1473B5DFDE42}.Release|iPhoneSimulator.Deploy.0 = Release|Any CPU
		{E065A8DC-71FA-4384-92EB-35653D72A7F3}.Debug|Any CPU.ActiveCfg = Debug|iPhone
		{E065A8DC-71FA-4384-92EB-35653D72A7F3}.Debug|Any CPU.Build.0 = Debug|iPhone
		{E065A8DC-71FA-4384-92EB-35653D72A7F3}.Debug|Any CPU.Deploy.0 = Debug|iPhone
		{E065A8DC-71FA-4384-92EB-35653D72A7F3}.Debug|iPhone.ActiveCfg = Debug|iPhone
		{E065A8DC-71FA-4384-92EB-35653D72A7F3}.Debug|iPhone.Build.0 = Debug|iPhone
		{E065A8DC-71FA-4384-92EB-35653D72A7F3}.Debug|iPhone.Deploy.0 = Debug|iPhone
		{E065A8DC-71FA-4384-92EB-35653D72A7F3}.Debug|iPhoneSimulator.ActiveCfg = Debug|iPhoneSimulator
		{E065A8DC-71FA-4384-92EB-35653D72A7F3}.Debug|iPhoneSimulator.Build.0 = Debug|iPhoneSimulator
		{E065A8DC-71FA-4384-92EB-35653D72A7F3}.Debug|iPhoneSimulator.Deploy.0 = Debug|iPhoneSimulator
		{E065A8DC-71FA-4384-92EB-35653D72A7F3}.Release|Any CPU.ActiveCfg = Release|iPhoneSimulator
		{E065A8DC-71FA-4384-92EB-35653D72A7F3}.Release|Any CPU.Build.0 = Release|iPhoneSimulator
		{E065A8DC-71FA-4384-92EB-35653D72A7F3}.Release|Any CPU.Deploy.0 = Release|iPhoneSimulator
		{E065A8DC-71FA-4384-92EB-35653D72A7F3}.Release|iPhone.ActiveCfg = Release|iPhone
		{E065A8DC-71FA-4384-92EB-35653D72A7F3}.Release|iPhone.Build.0 = Release|iPhone
		{E065A8DC-71FA-4384-92EB-35653D72A7F3}.Release|iPhone.Deploy.0 = Release|iPhone
		{E065A8DC-71FA-4384-92EB-35653D72A7F3}.Release|iPhoneSimulator.ActiveCfg = Release|iPhoneSimulator
		{E065A8DC-71FA-4384-92EB-35653D72A7F3}.Release|iPhoneSimulator.Build.0 = Release|iPhoneSimulator
		{E065A8DC-71FA-4384-92EB-35653D72A7F3}.Release|iPhoneSimulator.Deploy.0 = Release|iPhoneSimulator
		{2CD0D7C6-1B19-4B14-9F27-4179E447085C}.Debug|Any CPU.ActiveCfg = Debug|Any CPU
		{2CD0D7C6-1B19-4B14-9F27-4179E447085C}.Debug|Any CPU.Build.0 = Debug|Any CPU
		{2CD0D7C6-1B19-4B14-9F27-4179E447085C}.Debug|Any CPU.Deploy.0 = Debug|Any CPU
		{2CD0D7C6-1B19-4B14-9F27-4179E447085C}.Debug|iPhone.ActiveCfg = Debug|Any CPU
		{2CD0D7C6-1B19-4B14-9F27-4179E447085C}.Debug|iPhone.Build.0 = Debug|Any CPU
		{2CD0D7C6-1B19-4B14-9F27-4179E447085C}.Debug|iPhone.Deploy.0 = Debug|Any CPU
		{2CD0D7C6-1B19-4B14-9F27-4179E447085C}.Debug|iPhoneSimulator.ActiveCfg = Debug|Any CPU
		{2CD0D7C6-1B19-4B14-9F27-4179E447085C}.Debug|iPhoneSimulator.Build.0 = Debug|Any CPU
		{2CD0D7C6-1B19-4B14-9F27-4179E447085C}.Debug|iPhoneSimulator.Deploy.0 = Debug|Any CPU
		{2CD0D7C6-1B19-4B14-9F27-4179E447085C}.Release|Any CPU.ActiveCfg = Release|Any CPU
		{2CD0D7C6-1B19-4B14-9F27-4179E447085C}.Release|Any CPU.Build.0 = Release|Any CPU
		{2CD0D7C6-1B19-4B14-9F27-4179E447085C}.Release|Any CPU.Deploy.0 = Release|Any CPU
		{2CD0D7C6-1B19-4B14-9F27-4179E447085C}.Release|iPhone.ActiveCfg = Release|Any CPU
		{2CD0D7C6-1B19-4B14-9F27-4179E447085C}.Release|iPhone.Build.0 = Release|Any CPU
		{2CD0D7C6-1B19-4B14-9F27-4179E447085C}.Release|iPhone.Deploy.0 = Release|Any CPU
		{2CD0D7C6-1B19-4B14-9F27-4179E447085C}.Release|iPhoneSimulator.ActiveCfg = Release|Any CPU
		{2CD0D7C6-1B19-4B14-9F27-4179E447085C}.Release|iPhoneSimulator.Build.0 = Release|Any CPU
		{2CD0D7C6-1B19-4B14-9F27-4179E447085C}.Release|iPhoneSimulator.Deploy.0 = Release|Any CPU
	EndGlobalSection
	GlobalSection(SolutionProperties) = preSolution
		HideSolutionNode = FALSE
	EndGlobalSection
	GlobalSection(ExtensibilityGlobals) = postSolution
		SolutionGuid = {2340DB4A-465A-4C16-A834-759BB86E8608}
	EndGlobalSection
EndGlobal
